{
  "name": "devin-local-chrome",
  "version": "0.1.0",
  "lockfileVersion": 3,
  "requires": true,
  "packages": {
    "": {
      "name": "devin-local-chrome",
      "version": "0.1.0",
      "license": "MIT",
      "bin": {
        "devin-local-chrome": "src/cli.mjs"
      },
      "engines": {
        "node": ">=20.19.0"
      }
    }
  }
}
